// !$*UTF8*$!
{
	archiveVersion = 1;
	classes = {
	};
	objectVersion = 50;
	objects = {

/* Begin PBXBuildFile section */
		BE630A3220725C7C00365FED /* AppDelegate.swift in Sources */ = {isa = PBXBuildFile; fileRef = BE630A3120725C7C00365FED /* AppDelegate.swift */; };
		BE630A3420725C7C00365FED /* ViewController.swift in Sources */ = {isa = PBXBuildFile; fileRef = BE630A3320725C7C00365FED /* ViewController.swift */; };
		BE630A3720725C7C00365FED /* Main.storyboard in Resources */ = {isa = PBXBuildFile; fileRef = BE630A3520725C7C00365FED /* Main.storyboard */; };
		BE630A3920725C7D00365FED /* Assets.xcassets in Resources */ = {isa = PBXBuildFile; fileRef = BE630A3820725C7D00365FED /* Assets.xcassets */; };
		BE630A3C20725C7D00365FED /* LaunchScreen.storyboard in Resources */ = {isa = PBXBuildFile; fileRef = BE630A3A20725C7D00365FED /* LaunchScreen.storyboard */; };
		BE630A4420725CF600365FED /* UserNotificationManager.swift in Sources */ = {isa = PBXBuildFile; fileRef = BE630A4320725CF600365FED /* UserNotificationManager.swift */; };
		BEF457432077C8C10064178F /* dancer.jpg in Resources */ = {isa = PBXBuildFile; fileRef = BEF457422077C8C00064178F /* dancer.jpg */; };
		BEF4574B207B84E20064178F /* UserNotifications.framework in Frameworks */ = {isa = PBXBuildFile; fileRef = BEF4574A207B84E20064178F /* UserNotifications.framework */; };
		BEF4574D207B84E20064178F /* UserNotificationsUI.framework in Frameworks */ = {isa = PBXBuildFile; fileRef = BEF4574C207B84E20064178F /* UserNotificationsUI.framework */; };
		BEF45750207B84E20064178F /* NotificationViewController.swift in Sources */ = {isa = PBXBuildFile; fileRef = BEF4574F207B84E20064178F /* NotificationViewController.swift */; };
		BEF45753207B84E20064178F /* MainInterface.storyboard in Resources */ = {isa = PBXBuildFile; fileRef = BEF45751207B84E20064178F /* MainInterface.storyboard */; };
		BEF45757207B84E20064178F /* DetailNotification.appex in Embed App Extensions */ = {isa = PBXBuildFile; fileRef = BEF45748207B84E20064178F /* DetailNotification.appex */; settings = {ATTRIBUTES = (RemoveHeadersOnCopy, ); }; };
/* End PBXBuildFile section */

/* Begin PBXContainerItemProxy section */
		BEF45755207B84E20064178F /* PBXContainerItemProxy */ = {
			isa = PBXContainerItemProxy;
			containerPortal = BE630A2620725C7C00365FED /* Project object */;
			proxyType = 1;
			remoteGlobalIDString = BEF45747207B84E20064178F;
			remoteInfo = DetailNotification;
		};
/* End PBXContainerItemProxy section */

/* Begin PBXCopyFilesBuildPhase section */
		BEF4575B207B84E20064178F /* Embed App Extensions */ = {
			isa = PBXCopyFilesBuildPhase;
			buildActionMask = 2147483647;
			dstPath = "";
			dstSubfolderSpec = 13;
			files = (
				BEF45757207B84E20064178F /* DetailNotification.appex in Embed App Extensions */,
			);
			name = "Embed App Extensions";
			runOnlyForDeploymentPostprocessing = 0;
		};
/* End PBXCopyFilesBuildPhase section */

/* Begin PBXFileReference section */
		BE630A2E20725C7C00365FED /* LocalNotificationsDemo.app */ = {isa = PBXFileReference; explicitFileType = wrapper.application; includeInIndex = 0; path = LocalNotificationsDemo.app; sourceTree = BUILT_PRODUCTS_DIR; };
		BE630A3120725C7C00365FED /* AppDelegate.swift */ = {isa = PBXFileReference; lastKnownFileType = sourcecode.swift; path = AppDelegate.swift; sourceTree = "<group>"; };
		BE630A3320725C7C00365FED /* ViewController.swift */ = {isa = PBXFileReference; lastKnownFileType = sourcecode.swift; path = ViewController.swift; sourceTree = "<group>"; };
		BE630A3620725C7C00365FED /* Base */ = {isa = PBXFileReference; lastKnownFileType = file.storyboard; name = Base; path = Base.lproj/Main.storyboard; sourceTree = "<group>"; };
		BE630A3820725C7D00365FED /* Assets.xcassets */ = {isa = PBXFileReference; lastKnownFileType = folder.assetcatalog; path = Assets.xcassets; sourceTree = "<group>"; };
		BE630A3B20725C7D00365FED /* Base */ = {isa = PBXFileReference; lastKnownFileType = file.storyboard; name = Base; path = Base.lproj/LaunchScreen.storyboard; sourceTree = "<group>"; };
		BE630A3D20725C7D00365FED /* Info.plist */ = {isa = PBXFileReference; lastKnownFileType = text.plist.xml; path = Info.plist; sourceTree = "<group>"; };
		BE630A4320725CF600365FED /* UserNotificationManager.swift */ = {isa = PBXFileReference; lastKnownFileType = sourcecode.swift; path = UserNotificationManager.swift; sourceTree = "<group>"; };
		BEF457422077C8C00064178F /* dancer.jpg */ = {isa = PBXFileReference; lastKnownFileType = image.jpeg; path = dancer.jpg; sourceTree = "<group>"; };
		BEF45748207B84E20064178F /* DetailNotification.appex */ = {isa = PBXFileReference; explicitFileType = "wrapper.app-extension"; includeInIndex = 0; path = DetailNotification.appex; sourceTree = BUILT_PRODUCTS_DIR; };
		BEF4574A207B84E20064178F /* UserNotifications.framework */ = {isa = PBXFileReference; lastKnownFileType = wrapper.framework; name = UserNotifications.framework; path = System/Library/Frameworks/UserNotifications.framework; sourceTree = SDKROOT; };
		BEF4574C207B84E20064178F /* UserNotificationsUI.framework */ = {isa = PBXFileReference; lastKnownFileType = wrapper.framework; name = UserNotificationsUI.framework; path = System/Library/Frameworks/UserNotificationsUI.framework; sourceTree = SDKROOT; };
		BEF4574F207B84E20064178F /* NotificationViewController.swift */ = {isa = PBXFileReference; lastKnownFileType = sourcecode.swift; path = NotificationViewController.swift; sourceTree = "<group>"; };
		BEF45752207B84E20064178F /* Base */ = {isa = PBXFileReference; lastKnownFileType = file.storyboard; name = Base; path = Base.lproj/MainInterface.storyboard; sourceTree = "<group>"; };
		BEF45754207B84E20064178F /* Info.plist */ = {isa = PBXFileReference; lastKnownFileType = text.plist.xml; path = Info.plist; sourceTree = "<group>"; };
/* End PBXFileReference section */

/* Begin PBXFrameworksBuildPhase section */
		BE630A2B20725C7C00365FED /* Frameworks */ = {
			isa = PBXFrameworksBuildPhase;
			buildActionMask = 2147483647;
			files = (
			);
			runOnlyForDeploymentPostprocessing = 0;
		};
		BEF45745207B84E20064178F /* Frameworks */ = {
			isa = PBXFrameworksBuildPhase;
			buildActionMask = 2147483647;
			files = (
				BEF4574D207B84E20064178F /* UserNotificationsUI.framework in Frameworks */,
				BEF4574B207B84E20064178F /* UserNotifications.framework in Frameworks */,
			);
			runOnlyForDeploymentPostprocessing = 0;
		};
/* End PBXFrameworksBuildPhase section */

/* Begin PBXGroup section */
		BE630A2520725C7C00365FED = {
			isa = PBXGroup;
			children = (
				BE630A3020725C7C00365FED /* LocalNotificationsDemo */,
				BEF4574E207B84E20064178F /* DetailNotification */,
				BEF45749207B84E20064178F /* Frameworks */,
				BE630A2F20725C7C00365FED /* Products */,
			);
			sourceTree = "<group>";
		};
		BE630A2F20725C7C00365FED /* Products */ = {
			isa = PBXGroup;
			children = (
				BE630A2E20725C7C00365FED /* LocalNotificationsDemo.app */,
				BEF45748207B84E20064178F /* DetailNotification.appex */,
			);
			name = Products;
			sourceTree = "<group>";
		};
		BE630A3020725C7C00365FED /* LocalNotificationsDemo */ = {
			isa = PBXGroup;
			children = (
				BE630A3120725C7C00365FED /* AppDelegate.swift */,
				BE630A3320725C7C00365FED /* ViewController.swift */,
				BE630A4320725CF600365FED /* UserNotificationManager.swift */,
				BEF457422077C8C00064178F /* dancer.jpg */,
				BE630A3520725C7C00365FED /* Main.storyboard */,
				BE630A3820725C7D00365FED /* Assets.xcassets */,
				BE630A3A20725C7D00365FED /* LaunchScreen.storyboard */,
				BE630A3D20725C7D00365FED /* Info.plist */,
			);
			path = LocalNotificationsDemo;
			sourceTree = "<group>";
		};
		BEF45749207B84E20064178F /* Frameworks */ = {
			isa = PBXGroup;
			children = (
				BEF4574A207B84E20064178F /* UserNotifications.framework */,
				BEF4574C207B84E20064178F /* UserNotificationsUI.framework */,
			);
			name = Frameworks;
			sourceTree = "<group>";
		};
		BEF4574E207B84E20064178F /* DetailNotification */ = {
			isa = PBXGroup;
			children = (
				BEF4574F207B84E20064178F /* NotificationViewController.swift */,
				BEF45751207B84E20064178F /* MainInterface.storyboard */,
				BEF45754207B84E20064178F /* Info.plist */,
			);
			path = DetailNotification;
			sourceTree = "<group>";
		};
/* End PBXGroup section */

/* Begin PBXNativeTarget section */
		BE630A2D20725C7C00365FED /* LocalNotificationsDemo */ = {
			isa = PBXNativeTarget;
			buildConfigurationList = BE630A4020725C7D00365FED /* Build configuration list for PBXNativeTarget "LocalNotificationsDemo" */;
			buildPhases = (
				BE630A2A20725C7C00365FED /* Sources */,
				BE630A2B20725C7C00365FED /* Frameworks */,
				BE630A2C20725C7C00365FED /* Resources */,
				BEF4575B207B84E20064178F /* Embed App Extensions */,
			);
			buildRules = (
			);
			dependencies = (
				BEF45756207B84E20064178F /* PBXTargetDependency */,
			);
			name = LocalNotificationsDemo;
			productName = LocalNotificationsDemo;
			productReference = BE630A2E20725C7C00365FED /* LocalNotificationsDemo.app */;
			productType = "com.apple.product-type.application";
		};
		BEF45747207B84E20064178F /* DetailNotification */ = {
			isa = PBXNativeTarget;
			buildConfigurationList = BEF45758207B84E20064178F /* Build configuration list for PBXNativeTarget "DetailNotification" */;
			buildPhases = (
				BEF45744207B84E20064178F /* Sources */,
				BEF45745207B84E20064178F /* Frameworks */,
				BEF45746207B84E20064178F /* Resources */,
			);
			buildRules = (
			);
			dependencies = (
			);
			name = DetailNotification;
			productName = DetailNotification;
			productReference = BEF45748207B84E20064178F /* DetailNotification.appex */;
			productType = "com.apple.product-type.app-extension";
		};
/* End PBXNativeTarget section */

/* Begin PBXProject section */
		BE630A2620725C7C00365FED /* Project object */ = {
			isa = PBXProject;
			attributes = {
				LastSwiftUpdateCheck = 0930;
				LastUpgradeCheck = 0930;
				ORGANIZATIONNAME = "Dmitrii Ziablikov";
				TargetAttributes = {
					BE630A2D20725C7C00365FED = {
						CreatedOnToolsVersion = 9.3;
						SystemCapabilities = {
							com.apple.BackgroundModes = {
								enabled = 1;
							};
						};
					};
					BEF45747207B84E20064178F = {
						CreatedOnToolsVersion = 9.3;
					};
				};
			};
			buildConfigurationList = BE630A2920725C7C00365FED /* Build configuration list for PBXProject "LocalNotificationsDemo" */;
			compatibilityVersion = "Xcode 9.3";
			developmentRegion = en;
			hasScannedForEncodings = 0;
			knownRegions = (
				en,
				Base,
			);
			mainGroup = BE630A2520725C7C00365FED;
			productRefGroup = BE630A2F20725C7C00365FED /* Products */;
			projectDirPath = "";
			projectRoot = "";
			targets = (
				BE630A2D20725C7C00365FED /* LocalNotificationsDemo */,
				BEF45747207B84E20064178F /* DetailNotification */,
			);
		};
/* End PBXProject section */

/* Begin PBXResourcesBuildPhase section */
		BE630A2C20725C7C00365FED /* Resources */ = {
			isa = PBXResourcesBuildPhase;
			buildActionMask = 2147483647;
			files = (
				BE630A3C20725C7D00365FED /* LaunchScreen.storyboard in Resources */,
				BE630A3920725C7D00365FED /* Assets.xcassets in Resources */,
				BEF457432077C8C10064178F /* dancer.jpg in Resources */,
				BE630A3720725C7C00365FED /* Main.storyboard in Resources */,
			);
			runOnlyForDeploymentPostprocessing = 0;
		};
		BEF45746207B84E20064178F /* Resources */ = {
			isa = PBXResourcesBuildPhase;
			buildActionMask = 2147483647;
			files = (
				BEF45753207B84E20064178F /* MainInterface.storyboard in Resources */,
			);
			runOnlyForDeploymentPostprocessing = 0;
		};
/* End PBXResourcesBuildPhase section */

/* Begin PBXSourcesBuildPhase section */
		BE630A2A20725C7C00365FED /* Sources */ = {
			isa = PBXSourcesBuildPhase;
			buildActionMask = 2147483647;
			files = (
				BE630A4420725CF600365FED /* UserNotificationManager.swift in Sources */,
				BE630A3420725C7C00365FED /* ViewController.swift in Sources */,
				BE630A3220725C7C00365FED /* AppDelegate.swift in Sources */,
			);
			runOnlyForDeploymentPostprocessing = 0;
		};
		BEF45744207B84E20064178F /* Sources */ = {
			isa = PBXSourcesBuildPhase;
			buildActionMask = 2147483647;
			files = (
				BEF45750207B84E20064178F /* NotificationViewController.swift in Sources */,
			);
			runOnlyForDeploymentPostprocessing = 0;
		};
/* End PBXSourcesBuildPhase section */

/* Begin PBXTargetDependency section */
		BEF45756207B84E20064178F /* PBXTargetDependency */ = {
			isa = PBXTargetDependency;
			target = BEF45747207B84E20064178F /* DetailNotification */;
			targetProxy = BEF45755207B84E20064178F /* PBXContainerItemProxy */;
		};
/* End PBXTargetDependency section */

/* Begin PBXVariantGroup section */
		BE630A3520725C7C00365FED /* Main.storyboard */ = {
			isa = PBXVariantGroup;
			children = (
				BE630A3620725C7C00365FED /* Base */,
			);
			name = Main.storyboard;
			sourceTree = "<group>";
		};
		BE630A3A20725C7D00365FED /* LaunchScreen.storyboard */ = {
			isa = PBXVariantGroup;
			children = (
				BE630A3B20725C7D00365FED /* Base */,
			);
			name = LaunchScreen.storyboard;
			sourceTree = "<group>";
		};
		BEF45751207B84E20064178F /* MainInterface.storyboard */ = {
			isa = PBXVariantGroup;
			children = (
				BEF45752207B84E20064178F /* Base */,
			);
			name = MainInterface.storyboard;
			sourceTree = "<group>";
		};
/* End PBXVariantGroup section */

/* Begin XCBuildConfiguration section */
		BE630A3E20725C7D00365FED /* Debug */ = {
			isa = XCBuildConfiguration;
			buildSettings = {
				ALWAYS_SEARCH_USER_PATHS = NO;
				CLANG_ANALYZER_NONNULL = YES;
				CLANG_ANALYZER_NUMBER_OBJECT_CONVERSION = YES_AGGRESSIVE;
				CLANG_CXX_LANGUAGE_STANDARD = "gnu++14";
				CLANG_CXX_LIBRARY = "libc++";
				CLANG_ENABLE_MODULES = YES;
				CLANG_ENABLE_OBJC_ARC = YES;
				CLANG_ENABLE_OBJC_WEAK = YES;
				CLANG_WARN_BLOCK_CAPTURE_AUTORELEASING = YES;
				CLANG_WARN_BOOL_CONVERSION = YES;
				CLANG_WARN_COMMA = YES;
				CLANG_WARN_CONSTANT_CONVERSION = YES;
				CLANG_WARN_DEPRECATED_OBJC_IMPLEMENTATIONS = YES;
				CLANG_WARN_DIRECT_OBJC_ISA_USAGE = YES_ERROR;
				CLANG_WARN_DOCUMENTATION_COMMENTS = YES;
				CLANG_WARN_EMPTY_BODY = YES;
				CLANG_WARN_ENUM_CONVERSION = YES;
				CLANG_WARN_INFINITE_RECURSION = YES;
				CLANG_WARN_INT_CONVERSION = YES;
				CLANG_WARN_NON_LITERAL_NULL_CONVERSION = YES;
				CLANG_WARN_OBJC_IMPLICIT_RETAIN_SELF = YES;
				CLANG_WARN_OBJC_LITERAL_CONVERSION = YES;
				CLANG_WARN_OBJC_ROOT_CLASS = YES_ERROR;
				CLANG_WARN_RANGE_LOOP_ANALYSIS = YES;
				CLANG_WARN_STRICT_PROTOTYPES = YES;
				CLANG_WARN_SUSPICIOUS_MOVE = YES;
				CLANG_WARN_UNGUARDED_AVAILABILITY = YES_AGGRESSIVE;
				CLANG_WARN_UNREACHABLE_CODE = YES;
				CLANG_WARN__DUPLICATE_METHOD_MATCH = YES;
				CODE_SIGN_IDENTITY = "iPhone Developer";
				COPY_PHASE_STRIP = NO;
				DEBUG_INFORMATION_FORMAT = dwarf;
				ENABLE_STRICT_OBJC_MSGSEND = YES;
				ENABLE_TESTABILITY = YES;
				GCC_C_LANGUAGE_STANDARD = gnu11;
				GCC_DYNAMIC_NO_PIC = NO;
				GCC_NO_COMMON_BLOCKS = YES;
				GCC_OPTIMIZATION_LEVEL = 0;
				GCC_PREPROCESSOR_DEFINITIONS = (
					"DEBUG=1",
					"$(inherited)",
				);
				GCC_WARN_64_TO_32_BIT_CONVERSION = YES;
				GCC_WARN_ABOUT_RETURN_TYPE = YES_ERROR;
				GCC_WARN_UNDECLARED_SELECTOR = YES;
				GCC_WARN_UNINITIALIZED_AUTOS = YES_AGGRESSIVE;
				GCC_WARN_UNUSED_FUNCTION = YES;
				GCC_WARN_UNUSED_VARIABLE = YES;
				IPHONEOS_DEPLOYMENT_TARGET = 11.3;
				MTL_ENABLE_DEBUG_INFO = YES;
				ONLY_ACTIVE_ARCH = YES;
				SDKROOT = iphoneos;
				SWIFT_ACTIVE_COMPILATION_CONDITIONS = DEBUG;
				SWIFT_OPTIMIZATION_LEVEL = "-Onone";
			};
			name = Debug;
		};
		BE630A3F20725C7D00365FED /* Release */ = {
			isa = XCBuildConfiguration;
			buildSettings = {
				ALWAYS_SEARCH_USER_PATHS = NO;
				CLANG_ANALYZER_NONNULL = YES;
				CLANG_ANALYZER_NUMBER_OBJECT_CONVERSION = YES_AGGRESSIVE;
				CLANG_CXX_LANGUAGE_STANDARD = "gnu++14";
				CLANG_CXX_LIBRARY = "libc++";
				CLANG_ENABLE_MODULES = YES;
				CLANG_ENABLE_OBJC_ARC = YES;
				CLANG_ENABLE_OBJC_WEAK = YES;
				CLANG_WARN_BLOCK_CAPTURE_AUTORELEASING = YES;
				CLANG_WARN_BOOL_CONVERSION = YES;
				CLANG_WARN_COMMA = YES;
				CLANG_WARN_CONSTANT_CONVERSION = YES;
				CLANG_WARN_DEPRECATED_OBJC_IMPLEMENTATIONS = YES;
				CLANG_WARN_DIRECT_OBJC_ISA_USAGE = YES_ERROR;
				CLANG_WARN_DOCUMENTATION_COMMENTS = YES;
				CLANG_WARN_EMPTY_BODY = YES;
				CLANG_WARN_ENUM_CONVERSION = YES;
				CLANG_WARN_INFINITE_RECURSION = YES;
				CLANG_WARN_INT_CONVERSION = YES;
				CLANG_WARN_NON_LITERAL_NULL_CONVERSION = YES;
				CLANG_WARN_OBJC_IMPLICIT_RETAIN_SELF = YES;
				CLANG_WARN_OBJC_LITERAL_CONVERSION = YES;
				CLANG_WARN_OBJC_ROOT_CLASS = YES_ERROR;
				CLANG_WARN_RANGE_LOOP_ANALYSIS = YES;
				CLANG_WARN_STRICT_PROTOTYPES = YES;
				CLANG_WARN_SUSPICIOUS_MOVE = YES;
				CLANG_WARN_UNGUARDED_AVAILABILITY = YES_AGGRESSIVE;
				CLANG_WARN_UNREACHABLE_CODE = YES;
				CLANG_WARN__DUPLICATE_METHOD_MATCH = YES;
				CODE_SIGN_IDENTITY = "iPhone Developer";
				COPY_PHASE_STRIP = NO;
				DEBUG_INFORMATION_FORMAT = "dwarf-with-dsym";
				ENABLE_NS_ASSERTIONS = NO;
				ENABLE_STRICT_OBJC_MSGSEND = YES;
				GCC_C_LANGUAGE_STANDARD = gnu11;
				GCC_NO_COMMON_BLOCKS = YES;
				GCC_WARN_64_TO_32_BIT_CONVERSION = YES;
				GCC_WARN_ABOUT_RETURN_TYPE = YES_ERROR;
				GCC_WARN_UNDECLARED_SELECTOR = YES;
				GCC_WARN_UNINITIALIZED_AUTOS = YES_AGGRESSIVE;
				GCC_WARN_UNUSED_FUNCTION = YES;
				GCC_WARN_UNUSED_VARIABLE = YES;
				IPHONEOS_DEPLOYMENT_TARGET = 11.3;
				MTL_ENABLE_DEBUG_INFO = NO;
				SDKROOT = iphoneos;
				SWIFT_COMPILATION_MODE = wholemodule;
				SWIFT_OPTIMIZATION_LEVEL = "-O";
				VALIDATE_PRODUCT = YES;
			};
			name = Release;
		};
		BE630A4120725C7D00365FED /* Debug */ = {
			isa = XCBuildConfiguration;
			buildSettings = {
				ALWAYS_EMBED_SWIFT_STANDARD_LIBRARIES = YES;
				ASSETCATALOG_COMPILER_APPICON_NAME = AppIcon;
				CODE_SIGN_STYLE = Automatic;
				DEVELOPMENT_TEAM = 764W7G7Y88;
				INFOPLIST_FILE = LocalNotificationsDemo/Info.plist;
				LD_RUNPATH_SEARCH_PATHS = (
					"$(inherited)",
					"@executable_path/Frameworks",
				);
				PRODUCT_BUNDLE_IDENTIFIER = dimzfresh.LocalNotificationsDemo;
				PRODUCT_NAME = "$(TARGET_NAME)";
				SWIFT_VERSION = 4.0;
				TARGETED_DEVICE_FAMILY = 1;
			};
			name = Debug;
		};
		BE630A4220725C7D00365FED /* Release */ = {
			isa = XCBuildConfiguration;
			buildSettings = {
				ALWAYS_EMBED_SWIFT_STANDARD_LIBRARIES = YES;
				ASSETCATALOG_COMPILER_APPICON_NAME = AppIcon;
				CODE_SIGN_STYLE = Automatic;
				DEVELOPMENT_TEAM = 764W7G7Y88;
				INFOPLIST_FILE = LocalNotificationsDemo/Info.plist;
				LD_RUNPATH_SEARCH_PATHS = (
					"$(inherited)",
					"@executable_path/Frameworks",
				);
				PRODUCT_BUNDLE_IDENTIFIER = dimzfresh.LocalNotificationsDemo;
				PRODUCT_NAME = "$(TARGET_NAME)";
				SWIFT_VERSION = 4.0;
				TARGETED_DEVICE_FAMILY = 1;
			};
			name = Release;
		};
		BEF45759207B84E20064178F /* Debug */ = {
			isa = XCBuildConfiguration;
			buildSettings = {
				CODE_SIGN_STYLE = Automatic;
				DEVELOPMENT_TEAM = 764W7G7Y88;
				INFOPLIST_FILE = DetailNotification/Info.plist;
				LD_RUNPATH_SEARCH_PATHS = (
					"$(inherited)",
					"@executable_path/Frameworks",
					"@executable_path/../../Frameworks",
				);
				PRODUCT_BUNDLE_IDENTIFIER = dimzfresh.LocalNotificationsDemo.DetailNotification;
				PRODUCT_NAME = "$(TARGET_NAME)";
				SKIP_INSTALL = YES;
				SWIFT_VERSION = 4.0;
				TARGETED_DEVICE_FAMILY = "1,2";
			};
			name = Debug;
		};
		BEF4575A207B84E20064178F /* Release */ = {
			isa = XCBuildConfiguration;
			buildSettings = {
				CODE_SIGN_STYLE = Automatic;
				DEVELOPMENT_TEAM = 764W7G7Y88;
				INFOPLIST_FILE = DetailNotification/Info.plist;
				LD_RUNPATH_SEARCH_PATHS = (
					"$(inherited)",
					"@executable_path/Frameworks",
					"@executable_path/../../Frameworks",
				);
				PRODUCT_BUNDLE_IDENTIFIER = dimzfresh.LocalNotificationsDemo.DetailNotification;
				PRODUCT_NAME = "$(TARGET_NAME)";
				SKIP_INSTALL = YES;
				SWIFT_VERSION = 4.0;
				TARGETED_DEVICE_FAMILY = "1,2";
			};
			name = Release;
		};
/* End XCBuildConfiguration section */

/* Begin XCConfigurationList section */
		BE630A2920725C7C00365FED /* Build configuration list for PBXProject "LocalNotificationsDemo" */ = {
			isa = XCConfigurationList;
			buildConfigurations = (
				BE630A3E20725C7D00365FED /* Debug */,
				BE630A3F20725C7D00365FED /* Release */,
			);
			defaultConfigurationIsVisible = 0;
			defaultConfigurationName = Release;
		};
		BE630A4020725C7D00365FED /* Build configuration list for PBXNativeTarget "LocalNotificationsDemo" */ = {
			isa = XCConfigurationList;
			buildConfigurations = (
				BE630A4120725C7D00365FED /* Debug */,
				BE630A4220725C7D00365FED /* Release */,
			);
			defaultConfigurationIsVisible = 0;
			defaultConfigurationName = Release;
		};
		BEF45758207B84E20064178F /* Build configuration list for PBXNativeTarget "DetailNotification" */ = {
			isa = XCConfigurationList;
			buildConfigurations = (
				BEF45759207B84E20064178F /* Debug */,
				BEF4575A207B84E20064178F /* Release */,
			);
			defaultConfigurationIsVisible = 0;
			defaultConfigurationName = Release;
		};
/* End XCConfigurationList section */
	};
	rootObject = BE630A2620725C7C00365FED /* Project object */;
}
